
Microsoft Visual Studio Solution File, Format Version 12.00
# Visual Studio Version 17
VisualStudioVersion = 17.13.35825.156 d17.13
MinimumVisualStudioVersion = 10.0.40219.1
Project("{FAE04EC0-301F-11D3-BF4B-00C04F79EFBC}") = "CRUDMahasiswaADO", "CRUDMahasiswaADO\CRUDMahasiswaADO.csproj", "{AA8FA4DC-7C0E-4432-97E9-B0693838095A}"
EndProject
Global
	GlobalSection(SolutionConfigurationPlatforms) = preSolution
		Debug|Any CPU = Debug|Any CPU
		Release|Any CPU = Release|Any CPU
	EndGlobalSection
	GlobalSection(ProjectConfigurationPlatforms) = postSolution
		{AA8FA4DC-7C0E-4432-97E9-B0693838095A}.Debug|Any CPU.ActiveCfg = Debug|Any CPU
		{AA8FA4DC-7C0E-4432-97E9-B0693838095A}.Debug|Any CPU.Build.0 = Debug|Any CPU
		{AA8FA4DC-7C0E-4432-97E9-B0693838095A}.Release|Any CPU.ActiveCfg = Release|Any CPU
		{AA8FA4DC-7C0E-4432-97E9-B0693838095A}.Release|Any CPU.Build.0 = Release|Any CPU
	EndGlobalSection
	GlobalSection(SolutionProperties) = preSolution
		HideSolutionNode = FALSE
	EndGlobalSection
	GlobalSection(ExtensibilityGlobals) = postSolution
		SolutionGuid = {404AF2F4-462C-4317-9A50-3D62B93D9F81}
	EndGlobalSection
EndGlobal
